
Microsoft Visual Studio Solution File, Format Version 12.00
# Visual Studio Version 16
VisualStudioVersion = 16.0.28803.156
MinimumVisualStudioVersion = 10.0.40219.1
Project("{911E67C6-3D85-4FCE-B560-20A9C3E3FF48}") = "TicTacToe", "TicTacToe.exe", "{7E0682C0-7952-4FDC-BCC9-6EEB65A2E6F7}"
	ProjectSection(DebuggerProjectSystem) = preProject
		PortSupplier = 00000000-0000-0000-0000-000000000000
		Executable = C:\code\ConcordExtensibilitySamples\Iris\Programs\TicTacToe.exe
		RemoteMachine = DESKTOP-1LP4FN8
		StartingDirectory = C:\code\ConcordExtensibilitySamples\Iris\Programs
		Environment = Default
		LaunchingEngine = 00000000-0000-0000-0000-000000000000
		UseLegacyDebugEngines = No
		LaunchSQLEngine = No
		AttachLaunchAction = No
	EndProjectSection
EndProject
Global
	GlobalSection(SolutionConfigurationPlatforms) = preSolution
		Release|x86 = Release|x86
	EndGlobalSection
	GlobalSection(ProjectConfigurationPlatforms) = postSolution
		{7E0682C0-7952-4FDC-BCC9-6EEB65A2E6F7}.Release|x86.ActiveCfg = Release|x86
	EndGlobalSection
	GlobalSection(SolutionProperties) = preSolution
		HideSolutionNode = FALSE
	EndGlobalSection
	GlobalSection(ExtensibilityGlobals) = postSolution
		SolutionGuid = {35064276-4F85-4ADC-A6E9-256465ACCD56}
	EndGlobalSection
EndGlobal
